
Microsoft Visual Studio Solution File, Format Version 12.00
# Visual Studio Version 17
VisualStudioVersion = 17.9.34714.143
MinimumVisualStudioVersion = 10.0.40219.1
Project("{9A19103F-16F7-4668-BE54-9A1E7A4F7556}") = "240519P_AS_ASSN2", "240519P_AS_ASSN2.csproj", "{1A62342C-4840-4111-909C-F8936F31C702}"
EndProject
Global
	GlobalSection(SolutionConfigurationPlatforms) = preSolution
		Debug|Any CPU = Debug|Any CPU
		Release|Any CPU = Release|Any CPU
	EndGlobalSection
	GlobalSection(ProjectConfigurationPlatforms) = postSolution
		{1A62342C-4840-4111-909C-F8936F31C702}.Debug|Any CPU.ActiveCfg = Debug|Any CPU
		{1A62342C-4840-4111-909C-F8936F31C702}.Debug|Any CPU.Build.0 = Debug|Any CPU
		{1A62342C-4840-4111-909C-F8936F31C702}.Release|Any CPU.ActiveCfg = Release|Any CPU
		{1A62342C-4840-4111-909C-F8936F31C702}.Release|Any CPU.Build.0 = Release|Any CPU
	EndGlobalSection
	GlobalSection(SolutionProperties) = preSolution
		HideSolutionNode = FALSE
	EndGlobalSection
	GlobalSection(ExtensibilityGlobals) = postSolution
		SolutionGuid = {DECCE9AC-CBC2-4EE7-9AE6-96492C0455C8}
	EndGlobalSection
EndGlobal
